// !$*UTF8*$!
{
	archiveVersion = 1;
	classes = {
	};
	objectVersion = 56;
	objects = {

/* Begin PBXBuildFile section */
		922FC5252BF1357B00F5E89B /* AppDelegate.swift in Sources */ = {isa = PBXBuildFile; fileRef = 922FC5242BF1357B00F5E89B /* AppDelegate.swift */; };
		922FC5272BF1357B00F5E89B /* SceneDelegate.swift in Sources */ = {isa = PBXBuildFile; fileRef = 922FC5262BF1357B00F5E89B /* SceneDelegate.swift */; };
		922FC5292BF1357B00F5E89B /* HomeViewController.swift in Sources */ = {isa = PBXBuildFile; fileRef = 922FC5282BF1357B00F5E89B /* HomeViewController.swift */; };
		922FC52C2BF1357B00F5E89B /* Base in Resources */ = {isa = PBXBuildFile; fileRef = 922FC52B2BF1357B00F5E89B /* Base */; };
		922FC52E2BF1357D00F5E89B /* Assets.xcassets in Resources */ = {isa = PBXBuildFile; fileRef = 922FC52D2BF1357D00F5E89B /* Assets.xcassets */; };
		922FC5312BF1357D00F5E89B /* Base in Resources */ = {isa = PBXBuildFile; fileRef = 922FC5302BF1357D00F5E89B /* Base */; };
		922FC5392BF13E1A00F5E89B /* HomepageViewModel.swift in Sources */ = {isa = PBXBuildFile; fileRef = 922FC5382BF13E1A00F5E89B /* HomepageViewModel.swift */; };
		922FC5542BF1459100F5E89B /* RxSwift in Frameworks */ = {isa = PBXBuildFile; productRef = 922FC5532BF1459100F5E89B /* RxSwift */; };
		922FC5562BF146CE00F5E89B /* MathRepository.swift in Sources */ = {isa = PBXBuildFile; fileRef = 922FC5552BF146CE00F5E89B /* MathRepository.swift */; };
/* End PBXBuildFile section */

/* Begin PBXFileReference section */
		922FC5212BF1357B00F5E89B /* MVVMUsage.app */ = {isa = PBXFileReference; explicitFileType = wrapper.application; includeInIndex = 0; path = MVVMUsage.app; sourceTree = BUILT_PRODUCTS_DIR; };
		922FC5242BF1357B00F5E89B /* AppDelegate.swift */ = {isa = PBXFileReference; lastKnownFileType = sourcecode.swift; path = AppDelegate.swift; sourceTree = "<group>"; };
		922FC5262BF1357B00F5E89B /* SceneDelegate.swift */ = {isa = PBXFileReference; lastKnownFileType = sourcecode.swift; path = SceneDelegate.swift; sourceTree = "<group>"; };
		922FC5282BF1357B00F5E89B /* HomeViewController.swift */ = {isa = PBXFileReference; lastKnownFileType = sourcecode.swift; path = HomeViewController.swift; sourceTree = "<group>"; };
		922FC52B2BF1357B00F5E89B /* Base */ = {isa = PBXFileReference; lastKnownFileType = file.storyboard; name = Base; path = Base.lproj/Main.storyboard; sourceTree = "<group>"; };
		922FC52D2BF1357D00F5E89B /* Assets.xcassets */ = {isa = PBXFileReference; lastKnownFileType = folder.assetcatalog; path = Assets.xcassets; sourceTree = "<group>"; };
		922FC5302BF1357D00F5E89B /* Base */ = {isa = PBXFileReference; lastKnownFileType = file.storyboard; name = Base; path = Base.lproj/LaunchScreen.storyboard; sourceTree = "<group>"; };
		922FC5322BF1357D00F5E89B /* Info.plist */ = {isa = PBXFileReference; lastKnownFileType = text.plist.xml; path = Info.plist; sourceTree = "<group>"; };
		922FC5382BF13E1A00F5E89B /* HomepageViewModel.swift */ = {isa = PBXFileReference; lastKnownFileType = sourcecode.swift; path = HomepageViewModel.swift; sourceTree = "<group>"; };
		922FC5552BF146CE00F5E89B /* MathRepository.swift */ = {isa = PBXFileReference; lastKnownFileType = sourcecode.swift; path = MathRepository.swift; sourceTree = "<group>"; };
/* End PBXFileReference section */

/* Begin PBXFrameworksBuildPhase section */
		922FC51E2BF1357B00F5E89B /* Frameworks */ = {
			isa = PBXFrameworksBuildPhase;
			buildActionMask = 2147483647;
			files = (
				922FC5542BF1459100F5E89B /* RxSwift in Frameworks */,
			);
			runOnlyForDeploymentPostprocessing = 0;
		};
/* End PBXFrameworksBuildPhase section */

/* Begin PBXGroup section */
		922FC5182BF1357B00F5E89B = {
			isa = PBXGroup;
			children = (
				922FC5232BF1357B00F5E89B /* MVVMusage */,
				922FC5222BF1357B00F5E89B /* Products */,
				922FC5522BF1459100F5E89B /* Frameworks */,
			);
			sourceTree = "<group>";
		};
		922FC5222BF1357B00F5E89B /* Products */ = {
			isa = PBXGroup;
			children = (
				922FC5212BF1357B00F5E89B /* MVVMUsage.app */,
			);
			name = Products;
			sourceTree = "<group>";
		};
		922FC5232BF1357B00F5E89B /* MVVMusage */ = {
			isa = PBXGroup;
			children = (
				922FC5242BF1357B00F5E89B /* AppDelegate.swift */,
				922FC5262BF1357B00F5E89B /* SceneDelegate.swift */,
				922FC53A2BF13E2600F5E89B /* Controllers */,
				922FC53C2BF13E3A00F5E89B /* ViewModels */,
				922FC5572BF1470000F5E89B /* Repository */,
				922FC52D2BF1357D00F5E89B /* Assets.xcassets */,
				922FC52F2BF1357D00F5E89B /* LaunchScreen.storyboard */,
				922FC5322BF1357D00F5E89B /* Info.plist */,
			);
			path = MVVMusage;
			sourceTree = "<group>";
		};
		922FC53A2BF13E2600F5E89B /* Controllers */ = {
			isa = PBXGroup;
			children = (
				922FC5282BF1357B00F5E89B /* HomeViewController.swift */,
			);
			path = Controllers;
			sourceTree = "<group>";
		};
		922FC53C2BF13E3A00F5E89B /* ViewModels */ = {
			isa = PBXGroup;
			children = (
				922FC5382BF13E1A00F5E89B /* HomepageViewModel.swift */,
			);
			path = ViewModels;
			sourceTree = "<group>";
		};
		922FC5522BF1459100F5E89B /* Frameworks */ = {
			isa = PBXGroup;
			children = (
			);
			name = Frameworks;
			sourceTree = "<group>";
		};
		922FC5572BF1470000F5E89B /* Repository */ = {
			isa = PBXGroup;
			children = (
				922FC5552BF146CE00F5E89B /* MathRepository.swift */,
				922FC52A2BF1357B00F5E89B /* Main.storyboard */,
			);
			path = Repository;
			sourceTree = "<group>";
		};
/* End PBXGroup section */

/* Begin PBXNativeTarget section */
		922FC5202BF1357B00F5E89B /* MVVMUsage */ = {
			isa = PBXNativeTarget;
			buildConfigurationList = 922FC5352BF1357D00F5E89B /* Build configuration list for PBXNativeTarget "MVVMUsage" */;
			buildPhases = (
				922FC51D2BF1357B00F5E89B /* Sources */,
				922FC51E2BF1357B00F5E89B /* Frameworks */,
				922FC51F2BF1357B00F5E89B /* Resources */,
			);
			buildRules = (
			);
			dependencies = (
			);
			name = MVVMUsage;
			packageProductDependencies = (
				922FC5532BF1459100F5E89B /* RxSwift */,
			);
			productName = MVVMusage;
			productReference = 922FC5212BF1357B00F5E89B /* MVVMUsage.app */;
			productType = "com.apple.product-type.application";
		};
/* End PBXNativeTarget section */

/* Begin PBXProject section */
		922FC5192BF1357B00F5E89B /* Project object */ = {
			isa = PBXProject;
			attributes = {
				BuildIndependentTargetsInParallel = 1;
				LastSwiftUpdateCheck = 1530;
				LastUpgradeCheck = 1530;
				TargetAttributes = {
					922FC5202BF1357B00F5E89B = {
						CreatedOnToolsVersion = 15.3;
					};
				};
			};
			buildConfigurationList = 922FC51C2BF1357B00F5E89B /* Build configuration list for PBXProject "MVVMUsage" */;
			compatibilityVersion = "Xcode 14.0";
			developmentRegion = en;
			hasScannedForEncodings = 0;
			knownRegions = (
				en,
				Base,
			);
			mainGroup = 922FC5182BF1357B00F5E89B;
			packageReferences = (
				922FC53D2BF142F700F5E89B /* XCRemoteSwiftPackageReference "RxSwift" */,
			);
			productRefGroup = 922FC5222BF1357B00F5E89B /* Products */;
			projectDirPath = "";
			projectRoot = "";
			targets = (
				922FC5202BF1357B00F5E89B /* MVVMUsage */,
			);
		};
/* End PBXProject section */

/* Begin PBXResourcesBuildPhase section */
		922FC51F2BF1357B00F5E89B /* Resources */ = {
			isa = PBXResourcesBuildPhase;
			buildActionMask = 2147483647;
			files = (
				922FC52E2BF1357D00F5E89B /* Assets.xcassets in Resources */,
				922FC5312BF1357D00F5E89B /* Base in Resources */,
				922FC52C2BF1357B00F5E89B /* Base in Resources */,
			);
			runOnlyForDeploymentPostprocessing = 0;
		};
/* End PBXResourcesBuildPhase section */

/* Begin PBXSourcesBuildPhase section */
		922FC51D2BF1357B00F5E89B /* Sources */ = {
			isa = PBXSourcesBuildPhase;
			buildActionMask = 2147483647;
			files = (
				922FC5392BF13E1A00F5E89B /* HomepageViewModel.swift in Sources */,
				922FC5292BF1357B00F5E89B /* HomeViewController.swift in Sources */,
				922FC5562BF146CE00F5E89B /* MathRepository.swift in Sources */,
				922FC5252BF1357B00F5E89B /* AppDelegate.swift in Sources */,
				922FC5272BF1357B00F5E89B /* SceneDelegate.swift in Sources */,
			);
			runOnlyForDeploymentPostprocessing = 0;
		};
/* End PBXSourcesBuildPhase section */

/* Begin PBXVariantGroup section */
		922FC52A2BF1357B00F5E89B /* Main.storyboard */ = {
			isa = PBXVariantGroup;
			children = (
				922FC52B2BF1357B00F5E89B /* Base */,
			);
			name = Main.storyboard;
			sourceTree = "<group>";
		};
		922FC52F2BF1357D00F5E89B /* LaunchScreen.storyboard */ = {
			isa = PBXVariantGroup;
			children = (
				922FC5302BF1357D00F5E89B /* Base */,
			);
			name = LaunchScreen.storyboard;
			sourceTree = "<group>";
		};
/* End PBXVariantGroup section */

/* Begin XCBuildConfiguration section */
		922FC5332BF1357D00F5E89B /* Debug */ = {
			isa = XCBuildConfiguration;
			buildSettings = {
				ALWAYS_SEARCH_USER_PATHS = NO;
				ASSETCATALOG_COMPILER_GENERATE_SWIFT_ASSET_SYMBOL_EXTENSIONS = YES;
				CLANG_ANALYZER_NONNULL = YES;
				CLANG_ANALYZER_NUMBER_OBJECT_CONVERSION = YES_AGGRESSIVE;
				CLANG_CXX_LANGUAGE_STANDARD = "gnu++20";
				CLANG_ENABLE_MODULES = YES;
				CLANG_ENABLE_OBJC_ARC = YES;
				CLANG_ENABLE_OBJC_WEAK = YES;
				CLANG_WARN_BLOCK_CAPTURE_AUTORELEASING = YES;
				CLANG_WARN_BOOL_CONVERSION = YES;
				CLANG_WARN_COMMA = YES;
				CLANG_WARN_CONSTANT_CONVERSION = YES;
				CLANG_WARN_DEPRECATED_OBJC_IMPLEMENTATIONS = YES;
				CLANG_WARN_DIRECT_OBJC_ISA_USAGE = YES_ERROR;
				CLANG_WARN_DOCUMENTATION_COMMENTS = YES;
				CLANG_WARN_EMPTY_BODY = YES;
				CLANG_WARN_ENUM_CONVERSION = YES;
				CLANG_WARN_INFINITE_RECURSION = YES;
				CLANG_WARN_INT_CONVERSION = YES;
				CLANG_WARN_NON_LITERAL_NULL_CONVERSION = YES;
				CLANG_WARN_OBJC_IMPLICIT_RETAIN_SELF = YES;
				CLANG_WARN_OBJC_LITERAL_CONVERSION = YES;
				CLANG_WARN_OBJC_ROOT_CLASS = YES_ERROR;
				CLANG_WARN_QUOTED_INCLUDE_IN_FRAMEWORK_HEADER = YES;
				CLANG_WARN_RANGE_LOOP_ANALYSIS = YES;
				CLANG_WARN_STRICT_PROTOTYPES = YES;
				CLANG_WARN_SUSPICIOUS_MOVE = YES;
				CLANG_WARN_UNGUARDED_AVAILABILITY = YES_AGGRESSIVE;
				CLANG_WARN_UNREACHABLE_CODE = YES;
				CLANG_WARN__DUPLICATE_METHOD_MATCH = YES;
				COPY_PHASE_STRIP = NO;
				DEBUG_INFORMATION_FORMAT = dwarf;
				ENABLE_STRICT_OBJC_MSGSEND = YES;
				ENABLE_TESTABILITY = YES;
				ENABLE_USER_SCRIPT_SANDBOXING = YES;
				GCC_C_LANGUAGE_STANDARD = gnu17;
				GCC_DYNAMIC_NO_PIC = NO;
				GCC_NO_COMMON_BLOCKS = YES;
				GCC_OPTIMIZATION_LEVEL = 0;
				GCC_PREPROCESSOR_DEFINITIONS = (
					"DEBUG=1",
					"$(inherited)",
				);
				GCC_WARN_64_TO_32_BIT_CONVERSION = YES;
				GCC_WARN_ABOUT_RETURN_TYPE = YES_ERROR;
				GCC_WARN_UNDECLARED_SELECTOR = YES;
				GCC_WARN_UNINITIALIZED_AUTOS = YES_AGGRESSIVE;
				GCC_WARN_UNUSED_FUNCTION = YES;
				GCC_WARN_UNUSED_VARIABLE = YES;
				IPHONEOS_DEPLOYMENT_TARGET = 17.4;
				LOCALIZATION_PREFERS_STRING_CATALOGS = YES;
				MTL_ENABLE_DEBUG_INFO = INCLUDE_SOURCE;
				MTL_FAST_MATH = YES;
				ONLY_ACTIVE_ARCH = YES;
				SDKROOT = iphoneos;
				SWIFT_ACTIVE_COMPILATION_CONDITIONS = "DEBUG $(inherited)";
				SWIFT_OPTIMIZATION_LEVEL = "-Onone";
			};
			name = Debug;
		};
		922FC5342BF1357D00F5E89B /* Release */ = {
			isa = XCBuildConfiguration;
			buildSettings = {
				ALWAYS_SEARCH_USER_PATHS = NO;
				ASSETCATALOG_COMPILER_GENERATE_SWIFT_ASSET_SYMBOL_EXTENSIONS = YES;
				CLANG_ANALYZER_NONNULL = YES;
				CLANG_ANALYZER_NUMBER_OBJECT_CONVERSION = YES_AGGRESSIVE;
				CLANG_CXX_LANGUAGE_STANDARD = "gnu++20";
				CLANG_ENABLE_MODULES = YES;
				CLANG_ENABLE_OBJC_ARC = YES;
				CLANG_ENABLE_OBJC_WEAK = YES;
				CLANG_WARN_BLOCK_CAPTURE_AUTORELEASING = YES;
				CLANG_WARN_BOOL_CONVERSION = YES;
				CLANG_WARN_COMMA = YES;
				CLANG_WARN_CONSTANT_CONVERSION = YES;
				CLANG_WARN_DEPRECATED_OBJC_IMPLEMENTATIONS = YES;
				CLANG_WARN_DIRECT_OBJC_ISA_USAGE = YES_ERROR;
				CLANG_WARN_DOCUMENTATION_COMMENTS = YES;
				CLANG_WARN_EMPTY_BODY = YES;
				CLANG_WARN_ENUM_CONVERSION = YES;
				CLANG_WARN_INFINITE_RECURSION = YES;
				CLANG_WARN_INT_CONVERSION = YES;
				CLANG_WARN_NON_LITERAL_NULL_CONVERSION = YES;
				CLANG_WARN_OBJC_IMPLICIT_RETAIN_SELF = YES;
				CLANG_WARN_OBJC_LITERAL_CONVERSION = YES;
				CLANG_WARN_OBJC_ROOT_CLASS = YES_ERROR;
				CLANG_WARN_QUOTED_INCLUDE_IN_FRAMEWORK_HEADER = YES;
				CLANG_WARN_RANGE_LOOP_ANALYSIS = YES;
				CLANG_WARN_STRICT_PROTOTYPES = YES;
				CLANG_WARN_SUSPICIOUS_MOVE = YES;
				CLANG_WARN_UNGUARDED_AVAILABILITY = YES_AGGRESSIVE;
				CLANG_WARN_UNREACHABLE_CODE = YES;
				CLANG_WARN__DUPLICATE_METHOD_MATCH = YES;
				COPY_PHASE_STRIP = NO;
				DEBUG_INFORMATION_FORMAT = "dwarf-with-dsym";
				ENABLE_NS_ASSERTIONS = NO;
				ENABLE_STRICT_OBJC_MSGSEND = YES;
				ENABLE_USER_SCRIPT_SANDBOXING = YES;
				GCC_C_LANGUAGE_STANDARD = gnu17;
				GCC_NO_COMMON_BLOCKS = YES;
				GCC_WARN_64_TO_32_BIT_CONVERSION = YES;
				GCC_WARN_ABOUT_RETURN_TYPE = YES_ERROR;
				GCC_WARN_UNDECLARED_SELECTOR = YES;
				GCC_WARN_UNINITIALIZED_AUTOS = YES_AGGRESSIVE;
				GCC_WARN_UNUSED_FUNCTION = YES;
				GCC_WARN_UNUSED_VARIABLE = YES;
				IPHONEOS_DEPLOYMENT_TARGET = 17.4;
				LOCALIZATION_PREFERS_STRING_CATALOGS = YES;
				MTL_ENABLE_DEBUG_INFO = NO;
				MTL_FAST_MATH = YES;
				SDKROOT = iphoneos;
				SWIFT_COMPILATION_MODE = wholemodule;
				VALIDATE_PRODUCT = YES;
			};
			name = Release;
		};
		922FC5362BF1357D00F5E89B /* Debug */ = {
			isa = XCBuildConfiguration;
			buildSettings = {
				ASSETCATALOG_COMPILER_APPICON_NAME = AppIcon;
				ASSETCATALOG_COMPILER_GLOBAL_ACCENT_COLOR_NAME = AccentColor;
				CODE_SIGN_STYLE = Automatic;
				CURRENT_PROJECT_VERSION = 1;
				GENERATE_INFOPLIST_FILE = YES;
				INFOPLIST_FILE = MVVMusage/Info.plist;
				INFOPLIST_KEY_UIApplicationSupportsIndirectInputEvents = YES;
				INFOPLIST_KEY_UILaunchStoryboardName = LaunchScreen;
				INFOPLIST_KEY_UIMainStoryboardFile = Main;
				INFOPLIST_KEY_UISupportedInterfaceOrientations_iPad = "UIInterfaceOrientationPortrait UIInterfaceOrientationPortraitUpsideDown UIInterfaceOrientationLandscapeLeft UIInterfaceOrientationLandscapeRight";
				INFOPLIST_KEY_UISupportedInterfaceOrientations_iPhone = "UIInterfaceOrientationPortrait UIInterfaceOrientationLandscapeLeft UIInterfaceOrientationLandscapeRight";
				LD_RUNPATH_SEARCH_PATHS = (
					"$(inherited)",
					"@executable_path/Frameworks",
				);
				MARKETING_VERSION = 1.0;
				PRODUCT_BUNDLE_IDENTIFIER = com.info.MVVMusage;
				PRODUCT_NAME = "$(TARGET_NAME)";
				SWIFT_EMIT_LOC_STRINGS = YES;
				SWIFT_VERSION = 5.0;
				TARGETED_DEVICE_FAMILY = "1,2";
			};
			name = Debug;
		};
		922FC5372BF1357D00F5E89B /* Release */ = {
			isa = XCBuildConfiguration;
			buildSettings = {
				ASSETCATALOG_COMPILER_APPICON_NAME = AppIcon;
				ASSETCATALOG_COMPILER_GLOBAL_ACCENT_COLOR_NAME = AccentColor;
				CODE_SIGN_STYLE = Automatic;
				CURRENT_PROJECT_VERSION = 1;
				GENERATE_INFOPLIST_FILE = YES;
				INFOPLIST_FILE = MVVMusage/Info.plist;
				INFOPLIST_KEY_UIApplicationSupportsIndirectInputEvents = YES;
				INFOPLIST_KEY_UILaunchStoryboardName = LaunchScreen;
				INFOPLIST_KEY_UIMainStoryboardFile = Main;
				INFOPLIST_KEY_UISupportedInterfaceOrientations_iPad = "UIInterfaceOrientationPortrait UIInterfaceOrientationPortraitUpsideDown UIInterfaceOrientationLandscapeLeft UIInterfaceOrientationLandscapeRight";
				INFOPLIST_KEY_UISupportedInterfaceOrientations_iPhone = "UIInterfaceOrientationPortrait UIInterfaceOrientationLandscapeLeft UIInterfaceOrientationLandscapeRight";
				LD_RUNPATH_SEARCH_PATHS = (
					"$(inherited)",
					"@executable_path/Frameworks",
				);
				MARKETING_VERSION = 1.0;
				PRODUCT_BUNDLE_IDENTIFIER = com.info.MVVMusage;
				PRODUCT_NAME = "$(TARGET_NAME)";
				SWIFT_EMIT_LOC_STRINGS = YES;
				SWIFT_VERSION = 5.0;
				TARGETED_DEVICE_FAMILY = "1,2";
			};
			name = Release;
		};
/* End XCBuildConfiguration section */

/* Begin XCConfigurationList section */
		922FC51C2BF1357B00F5E89B /* Build configuration list for PBXProject "MVVMUsage" */ = {
			isa = XCConfigurationList;
			buildConfigurations = (
				922FC5332BF1357D00F5E89B /* Debug */,
				922FC5342BF1357D00F5E89B /* Release */,
			);
			defaultConfigurationIsVisible = 0;
			defaultConfigurationName = Release;
		};
		922FC5352BF1357D00F5E89B /* Build configuration list for PBXNativeTarget "MVVMUsage" */ = {
			isa = XCConfigurationList;
			buildConfigurations = (
				922FC5362BF1357D00F5E89B /* Debug */,
				922FC5372BF1357D00F5E89B /* Release */,
			);
			defaultConfigurationIsVisible = 0;
			defaultConfigurationName = Release;
		};
/* End XCConfigurationList section */

/* Begin XCRemoteSwiftPackageReference section */
		922FC53D2BF142F700F5E89B /* XCRemoteSwiftPackageReference "RxSwift" */ = {
			isa = XCRemoteSwiftPackageReference;
			repositoryURL = "https://github.com/ReactiveX/RxSwift.git";
			requirement = {
				kind = upToNextMajorVersion;
				minimumVersion = 6.7.1;
			};
		};
/* End XCRemoteSwiftPackageReference section */

/* Begin XCSwiftPackageProductDependency section */
		922FC5532BF1459100F5E89B /* RxSwift */ = {
			isa = XCSwiftPackageProductDependency;
			package = 922FC53D2BF142F700F5E89B /* XCRemoteSwiftPackageReference "RxSwift" */;
			productName = RxSwift;
		};
/* End XCSwiftPackageProductDependency section */
	};
	rootObject = 922FC5192BF1357B00F5E89B /* Project object */;
}
